
Microsoft Visual Studio Solution File, Format Version 12.00
# Visual Studio 2013
VisualStudioVersion = 12.0.20827.3
MinimumVisualStudioVersion = 10.0.40219.1
Project("{FAE04EC0-301F-11D3-BF4B-00C04F79EFBC}") = "DurankulakNumbers", "DurankulakNumbers\DurankulakNumbers.csproj", "{5BDE4834-CC0E-45F5-937B-C110CA4A3A38}"
EndProject
Project("{FAE04EC0-301F-11D3-BF4B-00C04F79EFBC}") = "Rabbit", "Rabbit\Rabbit.csproj", "{55E21C30-E232-4B40-8931-93EDFB741B4B}"
EndProject
Project("{FAE04EC0-301F-11D3-BF4B-00C04F79EFBC}") = "Laser", "Laser\Laser.csproj", "{9677D5C4-799D-4A5C-91F4-77409555D81C}"
EndProject
Global
	GlobalSection(SolutionConfigurationPlatforms) = preSolution
		Debug|Any CPU = Debug|Any CPU
		Release|Any CPU = Release|Any CPU
	EndGlobalSection
	GlobalSection(ProjectConfigurationPlatforms) = postSolution
		{5BDE4834-CC0E-45F5-937B-C110CA4A3A38}.Debug|Any CPU.ActiveCfg = Debug|Any CPU
		{5BDE4834-CC0E-45F5-937B-C110CA4A3A38}.Debug|Any CPU.Build.0 = Debug|Any CPU
		{5BDE4834-CC0E-45F5-937B-C110CA4A3A38}.Release|Any CPU.ActiveCfg = Release|Any CPU
		{5BDE4834-CC0E-45F5-937B-C110CA4A3A38}.Release|Any CPU.Build.0 = Release|Any CPU
		{55E21C30-E232-4B40-8931-93EDFB741B4B}.Debug|Any CPU.ActiveCfg = Debug|Any CPU
		{55E21C30-E232-4B40-8931-93EDFB741B4B}.Debug|Any CPU.Build.0 = Debug|Any CPU
		{55E21C30-E232-4B40-8931-93EDFB741B4B}.Release|Any CPU.ActiveCfg = Release|Any CPU
		{55E21C30-E232-4B40-8931-93EDFB741B4B}.Release|Any CPU.Build.0 = Release|Any CPU
		{9677D5C4-799D-4A5C-91F4-77409555D81C}.Debug|Any CPU.ActiveCfg = Debug|Any CPU
		{9677D5C4-799D-4A5C-91F4-77409555D81C}.Debug|Any CPU.Build.0 = Debug|Any CPU
		{9677D5C4-799D-4A5C-91F4-77409555D81C}.Release|Any CPU.ActiveCfg = Release|Any CPU
		{9677D5C4-799D-4A5C-91F4-77409555D81C}.Release|Any CPU.Build.0 = Release|Any CPU
	EndGlobalSection
	GlobalSection(SolutionProperties) = preSolution
		HideSolutionNode = FALSE
	EndGlobalSection
EndGlobal
