
Microsoft Visual Studio Solution File, Format Version 12.00
# Visual Studio 2012
Project("{FAE04EC0-301F-11D3-BF4B-00C04F79EFBC}") = "01. LeapYear", "01. LeapYear\01. LeapYear.csproj", "{56FBEC4C-21B4-4E89-8AB6-FAE0F7F5710B}"
EndProject
Project("{FAE04EC0-301F-11D3-BF4B-00C04F79EFBC}") = "02. RandomNumbers", "02. RandomNumbers\02. RandomNumbers.csproj", "{1F4C2155-B874-4369-986C-2B3818F0EF65}"
EndProject
Project("{FAE04EC0-301F-11D3-BF4B-00C04F79EFBC}") = "03. Today", "03. Today\03. Today.csproj", "{900FAEB9-5746-4CED-AE64-92AB30F36668}"
EndProject
Project("{FAE04EC0-301F-11D3-BF4B-00C04F79EFBC}") = "04. TriangleArea", "04. TriangleArea\04. TriangleArea.csproj", "{603FAD6B-7CA6-487F-9698-C503C9F2FB0F}"
EndProject
Project("{FAE04EC0-301F-11D3-BF4B-00C04F79EFBC}") = "05. WorkDays", "05. WorkDays\05. WorkDays.csproj", "{D74D2370-0DC6-4DE1-8A0C-07C95E19B839}"
EndProject
Project("{FAE04EC0-301F-11D3-BF4B-00C04F79EFBC}") = "06. Split", "06. Split\06. Split.csproj", "{540459CE-74B4-440F-B7ED-E0A38C4617B6}"
EndProject
Project("{FAE04EC0-301F-11D3-BF4B-00C04F79EFBC}") = "07. ShuntingYardAlgorithm", "07. ShuntingYardAlgorithm\07. ShuntingYardAlgorithm.csproj", "{49E08E54-EFF0-46C7-AA77-E87EF369985F}"
EndProject
Global
	GlobalSection(SolutionConfigurationPlatforms) = preSolution
		Debug|Any CPU = Debug|Any CPU
		Release|Any CPU = Release|Any CPU
	EndGlobalSection
	GlobalSection(ProjectConfigurationPlatforms) = postSolution
		{56FBEC4C-21B4-4E89-8AB6-FAE0F7F5710B}.Debug|Any CPU.ActiveCfg = Debug|Any CPU
		{56FBEC4C-21B4-4E89-8AB6-FAE0F7F5710B}.Debug|Any CPU.Build.0 = Debug|Any CPU
		{56FBEC4C-21B4-4E89-8AB6-FAE0F7F5710B}.Release|Any CPU.ActiveCfg = Release|Any CPU
		{56FBEC4C-21B4-4E89-8AB6-FAE0F7F5710B}.Release|Any CPU.Build.0 = Release|Any CPU
		{1F4C2155-B874-4369-986C-2B3818F0EF65}.Debug|Any CPU.ActiveCfg = Debug|Any CPU
		{1F4C2155-B874-4369-986C-2B3818F0EF65}.Debug|Any CPU.Build.0 = Debug|Any CPU
		{1F4C2155-B874-4369-986C-2B3818F0EF65}.Release|Any CPU.ActiveCfg = Release|Any CPU
		{1F4C2155-B874-4369-986C-2B3818F0EF65}.Release|Any CPU.Build.0 = Release|Any CPU
		{900FAEB9-5746-4CED-AE64-92AB30F36668}.Debug|Any CPU.ActiveCfg = Debug|Any CPU
		{900FAEB9-5746-4CED-AE64-92AB30F36668}.Debug|Any CPU.Build.0 = Debug|Any CPU
		{900FAEB9-5746-4CED-AE64-92AB30F36668}.Release|Any CPU.ActiveCfg = Release|Any CPU
		{900FAEB9-5746-4CED-AE64-92AB30F36668}.Release|Any CPU.Build.0 = Release|Any CPU
		{603FAD6B-7CA6-487F-9698-C503C9F2FB0F}.Debug|Any CPU.ActiveCfg = Debug|Any CPU
		{603FAD6B-7CA6-487F-9698-C503C9F2FB0F}.Debug|Any CPU.Build.0 = Debug|Any CPU
		{603FAD6B-7CA6-487F-9698-C503C9F2FB0F}.Release|Any CPU.ActiveCfg = Release|Any CPU
		{603FAD6B-7CA6-487F-9698-C503C9F2FB0F}.Release|Any CPU.Build.0 = Release|Any CPU
		{D74D2370-0DC6-4DE1-8A0C-07C95E19B839}.Debug|Any CPU.ActiveCfg = Debug|Any CPU
		{D74D2370-0DC6-4DE1-8A0C-07C95E19B839}.Debug|Any CPU.Build.0 = Debug|Any CPU
		{D74D2370-0DC6-4DE1-8A0C-07C95E19B839}.Release|Any CPU.ActiveCfg = Release|Any CPU
		{D74D2370-0DC6-4DE1-8A0C-07C95E19B839}.Release|Any CPU.Build.0 = Release|Any CPU
		{540459CE-74B4-440F-B7ED-E0A38C4617B6}.Debug|Any CPU.ActiveCfg = Debug|Any CPU
		{540459CE-74B4-440F-B7ED-E0A38C4617B6}.Debug|Any CPU.Build.0 = Debug|Any CPU
		{540459CE-74B4-440F-B7ED-E0A38C4617B6}.Release|Any CPU.ActiveCfg = Release|Any CPU
		{540459CE-74B4-440F-B7ED-E0A38C4617B6}.Release|Any CPU.Build.0 = Release|Any CPU
		{49E08E54-EFF0-46C7-AA77-E87EF369985F}.Debug|Any CPU.ActiveCfg = Debug|Any CPU
		{49E08E54-EFF0-46C7-AA77-E87EF369985F}.Debug|Any CPU.Build.0 = Debug|Any CPU
		{49E08E54-EFF0-46C7-AA77-E87EF369985F}.Release|Any CPU.ActiveCfg = Release|Any CPU
		{49E08E54-EFF0-46C7-AA77-E87EF369985F}.Release|Any CPU.Build.0 = Release|Any CPU
	EndGlobalSection
	GlobalSection(SolutionProperties) = preSolution
		HideSolutionNode = FALSE
	EndGlobalSection
EndGlobal
